
Microsoft Visual Studio Solution File, Format Version 12.00
# Visual Studio Version 16
VisualStudioVersion = 16.0.28803.352
MinimumVisualStudioVersion = 10.0.40219.1
Project("{FAE04EC0-301F-11D3-BF4B-00C04F79EFBC}") = "autocomplete", "autocomplete\autocomplete.csproj", "{7C8B30D9-B833-45BB-BA96-C6DF239BE611}"
EndProject
Global
	GlobalSection(SolutionConfigurationPlatforms) = preSolution
		Debug|Any CPU = Debug|Any CPU
		Release|Any CPU = Release|Any CPU
	EndGlobalSection
	GlobalSection(ProjectConfigurationPlatforms) = postSolution
		{7C8B30D9-B833-45BB-BA96-C6DF239BE611}.Debug|Any CPU.ActiveCfg = Debug|Any CPU
		{7C8B30D9-B833-45BB-BA96-C6DF239BE611}.Debug|Any CPU.Build.0 = Debug|Any CPU
		{7C8B30D9-B833-45BB-BA96-C6DF239BE611}.Release|Any CPU.ActiveCfg = Release|Any CPU
		{7C8B30D9-B833-45BB-BA96-C6DF239BE611}.Release|Any CPU.Build.0 = Release|Any CPU
	EndGlobalSection
	GlobalSection(SolutionProperties) = preSolution
		HideSolutionNode = FALSE
	EndGlobalSection
	GlobalSection(ExtensibilityGlobals) = postSolution
		SolutionGuid = {89777929-11BE-4487-B2B2-B284DD4A9326}
	EndGlobalSection
EndGlobal
